
Microsoft Visual Studio Solution File, Format Version 12.00
# Visual Studio Version 17
VisualStudioVersion = 17.9.34728.123
MinimumVisualStudioVersion = 10.0.40219.1
Project("{2150E333-8FDC-42A3-9474-1A3956D46DE8}") = "Services", "Services", "{E2420832-0984-446D-8FCD-082F2E38A174}"
EndProject
Project("{2150E333-8FDC-42A3-9474-1A3956D46DE8}") = "Catalog", "Catalog", "{321389B6-70D9-4344-9121-FAD888585F4D}"
EndProject
Project("{9A19103F-16F7-4668-BE54-9A1E7A4F7556}") = "Catalog.API", "Services\Catalog\Catalog.API\Catalog.API.csproj", "{7EBB2F0C-E8FD-4381-9B2A-79C8C39466F8}"
EndProject
Project("{2150E333-8FDC-42A3-9474-1A3956D46DE8}") = "BuildingBlocks", "BuildingBlocks", "{6E917931-CFDC-4378-B7CC-FB625DA8ACA0}"
EndProject
Project("{9A19103F-16F7-4668-BE54-9A1E7A4F7556}") = "BuildingBlocks", "BuildingBlocks\BuildingBlocks\BuildingBlocks.csproj", "{DA37F6AA-B80D-4CFF-A573-3CE52EBD1FDD}"
EndProject
Project("{2150E333-8FDC-42A3-9474-1A3956D46DE8}") = "Basket", "Basket", "{40CA6C32-89AE-4003-B2FB-2B4C2F55DB28}"
EndProject
Project("{9A19103F-16F7-4668-BE54-9A1E7A4F7556}") = "Basket.API", "Services\Basket\Basket.API\Basket.API.csproj", "{F178A78F-F5A0-4D34-811C-79DA1E63F3B3}"
EndProject
Project("{E53339B2-1760-4266-BCC7-CA923CBCF16C}") = "docker-compose", "docker-compose.dcproj", "{D3D2E8B7-22DF-4936-A18D-D1C7D1804066}"
EndProject
Global
	GlobalSection(SolutionConfigurationPlatforms) = preSolution
		Debug|Any CPU = Debug|Any CPU
		Release|Any CPU = Release|Any CPU
	EndGlobalSection
	GlobalSection(ProjectConfigurationPlatforms) = postSolution
		{7EBB2F0C-E8FD-4381-9B2A-79C8C39466F8}.Debug|Any CPU.ActiveCfg = Debug|Any CPU
		{7EBB2F0C-E8FD-4381-9B2A-79C8C39466F8}.Debug|Any CPU.Build.0 = Debug|Any CPU
		{7EBB2F0C-E8FD-4381-9B2A-79C8C39466F8}.Release|Any CPU.ActiveCfg = Release|Any CPU
		{7EBB2F0C-E8FD-4381-9B2A-79C8C39466F8}.Release|Any CPU.Build.0 = Release|Any CPU
		{DA37F6AA-B80D-4CFF-A573-3CE52EBD1FDD}.Debug|Any CPU.ActiveCfg = Debug|Any CPU
		{DA37F6AA-B80D-4CFF-A573-3CE52EBD1FDD}.Debug|Any CPU.Build.0 = Debug|Any CPU
		{DA37F6AA-B80D-4CFF-A573-3CE52EBD1FDD}.Release|Any CPU.ActiveCfg = Release|Any CPU
		{DA37F6AA-B80D-4CFF-A573-3CE52EBD1FDD}.Release|Any CPU.Build.0 = Release|Any CPU
		{F178A78F-F5A0-4D34-811C-79DA1E63F3B3}.Debug|Any CPU.ActiveCfg = Debug|Any CPU
		{F178A78F-F5A0-4D34-811C-79DA1E63F3B3}.Debug|Any CPU.Build.0 = Debug|Any CPU
		{F178A78F-F5A0-4D34-811C-79DA1E63F3B3}.Release|Any CPU.ActiveCfg = Release|Any CPU
		{F178A78F-F5A0-4D34-811C-79DA1E63F3B3}.Release|Any CPU.Build.0 = Release|Any CPU
		{D3D2E8B7-22DF-4936-A18D-D1C7D1804066}.Debug|Any CPU.ActiveCfg = Debug|Any CPU
		{D3D2E8B7-22DF-4936-A18D-D1C7D1804066}.Debug|Any CPU.Build.0 = Debug|Any CPU
		{D3D2E8B7-22DF-4936-A18D-D1C7D1804066}.Release|Any CPU.ActiveCfg = Release|Any CPU
		{D3D2E8B7-22DF-4936-A18D-D1C7D1804066}.Release|Any CPU.Build.0 = Release|Any CPU
	EndGlobalSection
	GlobalSection(SolutionProperties) = preSolution
		HideSolutionNode = FALSE
	EndGlobalSection
	GlobalSection(NestedProjects) = preSolution
		{321389B6-70D9-4344-9121-FAD888585F4D} = {E2420832-0984-446D-8FCD-082F2E38A174}
		{7EBB2F0C-E8FD-4381-9B2A-79C8C39466F8} = {321389B6-70D9-4344-9121-FAD888585F4D}
		{DA37F6AA-B80D-4CFF-A573-3CE52EBD1FDD} = {6E917931-CFDC-4378-B7CC-FB625DA8ACA0}
		{40CA6C32-89AE-4003-B2FB-2B4C2F55DB28} = {E2420832-0984-446D-8FCD-082F2E38A174}
		{F178A78F-F5A0-4D34-811C-79DA1E63F3B3} = {40CA6C32-89AE-4003-B2FB-2B4C2F55DB28}
	EndGlobalSection
	GlobalSection(ExtensibilityGlobals) = postSolution
		SolutionGuid = {B096E665-EA3E-44FF-8D70-8D281B70DE59}
	EndGlobalSection
EndGlobal
